
Microsoft Visual Studio Solution File, Format Version 12.00
# Visual Studio Version 17
VisualStudioVersion = 17.9.34723.18
MinimumVisualStudioVersion = 10.0.40219.1
Project("{FAE04EC0-301F-11D3-BF4B-00C04F79EFBC}") = "SelectionSort", "SelectionSort\SelectionSort.csproj", "{3CFD49F2-2D95-485D-89CC-E07FB6B3F24B}"
EndProject
Global
	GlobalSection(SolutionConfigurationPlatforms) = preSolution
		Debug|Any CPU = Debug|Any CPU
		Release|Any CPU = Release|Any CPU
	EndGlobalSection
	GlobalSection(ProjectConfigurationPlatforms) = postSolution
		{3CFD49F2-2D95-485D-89CC-E07FB6B3F24B}.Debug|Any CPU.ActiveCfg = Debug|Any CPU
		{3CFD49F2-2D95-485D-89CC-E07FB6B3F24B}.Debug|Any CPU.Build.0 = Debug|Any CPU
		{3CFD49F2-2D95-485D-89CC-E07FB6B3F24B}.Release|Any CPU.ActiveCfg = Release|Any CPU
		{3CFD49F2-2D95-485D-89CC-E07FB6B3F24B}.Release|Any CPU.Build.0 = Release|Any CPU
	EndGlobalSection
	GlobalSection(SolutionProperties) = preSolution
		HideSolutionNode = FALSE
	EndGlobalSection
	GlobalSection(ExtensibilityGlobals) = postSolution
		SolutionGuid = {B657B758-32A4-4F83-94D9-94542E0C98AD}
	EndGlobalSection
EndGlobal
